
Microsoft Visual Studio Solution File, Format Version 12.00
# Visual Studio Version 17
VisualStudioVersion = 17.0.32014.148
MinimumVisualStudioVersion = 10.0.40219.1
Project("{FAE04EC0-301F-11D3-BF4B-00C04F79EFBC}") = "WartoscMax", "WartoscMax.csproj", "{69AEABBE-4CDE-456C-8DDC-68E78C05468F}"
EndProject
Global
	GlobalSection(SolutionConfigurationPlatforms) = preSolution
		Debug|Any CPU = Debug|Any CPU
		Release|Any CPU = Release|Any CPU
	EndGlobalSection
	GlobalSection(ProjectConfigurationPlatforms) = postSolution
		{69AEABBE-4CDE-456C-8DDC-68E78C05468F}.Debug|Any CPU.ActiveCfg = Debug|Any CPU
		{69AEABBE-4CDE-456C-8DDC-68E78C05468F}.Debug|Any CPU.Build.0 = Debug|Any CPU
		{69AEABBE-4CDE-456C-8DDC-68E78C05468F}.Release|Any CPU.ActiveCfg = Release|Any CPU
		{69AEABBE-4CDE-456C-8DDC-68E78C05468F}.Release|Any CPU.Build.0 = Release|Any CPU
	EndGlobalSection
	GlobalSection(SolutionProperties) = preSolution
		HideSolutionNode = FALSE
	EndGlobalSection
	GlobalSection(ExtensibilityGlobals) = postSolution
		SolutionGuid = {9E5F38AE-8B90-4B0A-8D67-B672D2B59218}
	EndGlobalSection
EndGlobal
