
Microsoft Visual Studio Solution File, Format Version 12.00
# Visual Studio Version 17
VisualStudioVersion = 17.0.32014.148
MinimumVisualStudioVersion = 10.0.40219.1
Project("{FAE04EC0-301F-11D3-BF4B-00C04F79EFBC}") = "Zgadywanie", "Zgadywanie\Zgadywanie.csproj", "{C156FA29-719B-4A4E-B95A-CDE2A99FF518}"
EndProject
Global
	GlobalSection(SolutionConfigurationPlatforms) = preSolution
		Debug|Any CPU = Debug|Any CPU
		Release|Any CPU = Release|Any CPU
	EndGlobalSection
	GlobalSection(ProjectConfigurationPlatforms) = postSolution
		{C156FA29-719B-4A4E-B95A-CDE2A99FF518}.Debug|Any CPU.ActiveCfg = Debug|Any CPU
		{C156FA29-719B-4A4E-B95A-CDE2A99FF518}.Debug|Any CPU.Build.0 = Debug|Any CPU
		{C156FA29-719B-4A4E-B95A-CDE2A99FF518}.Release|Any CPU.ActiveCfg = Release|Any CPU
		{C156FA29-719B-4A4E-B95A-CDE2A99FF518}.Release|Any CPU.Build.0 = Release|Any CPU
	EndGlobalSection
	GlobalSection(SolutionProperties) = preSolution
		HideSolutionNode = FALSE
	EndGlobalSection
	GlobalSection(ExtensibilityGlobals) = postSolution
		SolutionGuid = {CFB68937-DA6E-44E2-ABD6-386F8D6FFD12}
	EndGlobalSection
EndGlobal
